
Microsoft Visual Studio Solution File, Format Version 12.00
# Visual Studio Version 17
VisualStudioVersion = 17.11.35312.102
MinimumVisualStudioVersion = 10.0.40219.1
Project("{9A19103F-16F7-4668-BE54-9A1E7A4F7556}") = "FRS_MONTAGEM_MANUTENÇÕES", "FRS_MONTAGEM_MANUTENÇÕES\FRS_MONTAGEM_MANUTENÇÕES.csproj", "{CF8A3ED7-BF25-4ECF-B187-83CEE15C74F8}"
EndProject
Global
	GlobalSection(SolutionConfigurationPlatforms) = preSolution
		Debug|Any CPU = Debug|Any CPU
		Release|Any CPU = Release|Any CPU
	EndGlobalSection
	GlobalSection(ProjectConfigurationPlatforms) = postSolution
		{CF8A3ED7-BF25-4ECF-B187-83CEE15C74F8}.Debug|Any CPU.ActiveCfg = Debug|Any CPU
		{CF8A3ED7-BF25-4ECF-B187-83CEE15C74F8}.Debug|Any CPU.Build.0 = Debug|Any CPU
		{CF8A3ED7-BF25-4ECF-B187-83CEE15C74F8}.Release|Any CPU.ActiveCfg = Release|Any CPU
		{CF8A3ED7-BF25-4ECF-B187-83CEE15C74F8}.Release|Any CPU.Build.0 = Release|Any CPU
	EndGlobalSection
	GlobalSection(SolutionProperties) = preSolution
		HideSolutionNode = FALSE
	EndGlobalSection
	GlobalSection(ExtensibilityGlobals) = postSolution
		SolutionGuid = {F81CB34B-752B-4390-87AA-B41F907CB72F}
	EndGlobalSection
EndGlobal
