
Microsoft Visual Studio Solution File, Format Version 12.00
# Visual Studio Version 17
VisualStudioVersion = 17.11.35312.102
MinimumVisualStudioVersion = 10.0.40219.1
Project("{FAE04EC0-301F-11D3-BF4B-00C04F79EFBC}") = "FRS_MONTAGEM_MANUTENÇÕES", "FRS_MONTAGEM_MANUTENÇÕES\FRS_MONTAGEM_MANUTENÇÕES.csproj", "{CF8A3ED7-BF25-4ECF-B187-83CEE15C74F8}"
EndProject
Project("{FAE04EC0-301F-11D3-BF4B-00C04F79EFBC}") = "Repository", "Repository\Repository.csproj", "{A3845541-9918-4104-8270-31B1C3F4318D}"
EndProject
Global
	GlobalSection(SolutionConfigurationPlatforms) = preSolution
		Debug|Any CPU = Debug|Any CPU
		Release|Any CPU = Release|Any CPU
	EndGlobalSection
	GlobalSection(ProjectConfigurationPlatforms) = postSolution
		{CF8A3ED7-BF25-4ECF-B187-83CEE15C74F8}.Debug|Any CPU.ActiveCfg = Debug|Any CPU
		{CF8A3ED7-BF25-4ECF-B187-83CEE15C74F8}.Debug|Any CPU.Build.0 = Debug|Any CPU
		{CF8A3ED7-BF25-4ECF-B187-83CEE15C74F8}.Release|Any CPU.ActiveCfg = Release|Any CPU
		{CF8A3ED7-BF25-4ECF-B187-83CEE15C74F8}.Release|Any CPU.Build.0 = Release|Any CPU
		{A3845541-9918-4104-8270-31B1C3F4318D}.Debug|Any CPU.ActiveCfg = Debug|Any CPU
		{A3845541-9918-4104-8270-31B1C3F4318D}.Debug|Any CPU.Build.0 = Debug|Any CPU
		{A3845541-9918-4104-8270-31B1C3F4318D}.Release|Any CPU.ActiveCfg = Release|Any CPU
		{A3845541-9918-4104-8270-31B1C3F4318D}.Release|Any CPU.Build.0 = Release|Any CPU
	EndGlobalSection
	GlobalSection(SolutionProperties) = preSolution
		HideSolutionNode = FALSE
	EndGlobalSection
	GlobalSection(ExtensibilityGlobals) = postSolution
		SolutionGuid = {F81CB34B-752B-4390-87AA-B41F907CB72F}
	EndGlobalSection
EndGlobal
