
Microsoft Visual Studio Solution File, Format Version 12.00
# Visual Studio Version 17
VisualStudioVersion = 17.10.35122.118
MinimumVisualStudioVersion = 10.0.40219.1
Project("{9A19103F-16F7-4668-BE54-9A1E7A4F7556}") = "FRS Montagens e Manutenção", "FRS Montagens e Manutenção\FRS Montagens e Manutenção.csproj", "{CC2F16B5-4176-4AF4-B34D-38C5545C9666}"
EndProject
Project("{9A19103F-16F7-4668-BE54-9A1E7A4F7556}") = "Repository", "Repository\Repository.csproj", "{91701C15-F933-4BF3-96F9-5FC46930EE3B}"
EndProject
Project("{FAE04EC0-301F-11D3-BF4B-00C04F79EFBC}") = "CamadaDeTeste", "CamadaDeTeste\CamadaDeTeste.csproj", "{C75F6F17-0BED-4175-BC6F-E84E014C5B2B}"
EndProject
Global
	GlobalSection(SolutionConfigurationPlatforms) = preSolution
		Debug|Any CPU = Debug|Any CPU
		Release|Any CPU = Release|Any CPU
	EndGlobalSection
	GlobalSection(ProjectConfigurationPlatforms) = postSolution
		{CC2F16B5-4176-4AF4-B34D-38C5545C9666}.Debug|Any CPU.ActiveCfg = Debug|Any CPU
		{CC2F16B5-4176-4AF4-B34D-38C5545C9666}.Debug|Any CPU.Build.0 = Debug|Any CPU
		{CC2F16B5-4176-4AF4-B34D-38C5545C9666}.Release|Any CPU.ActiveCfg = Release|Any CPU
		{CC2F16B5-4176-4AF4-B34D-38C5545C9666}.Release|Any CPU.Build.0 = Release|Any CPU
		{91701C15-F933-4BF3-96F9-5FC46930EE3B}.Debug|Any CPU.ActiveCfg = Debug|Any CPU
		{91701C15-F933-4BF3-96F9-5FC46930EE3B}.Debug|Any CPU.Build.0 = Debug|Any CPU
		{91701C15-F933-4BF3-96F9-5FC46930EE3B}.Release|Any CPU.ActiveCfg = Release|Any CPU
		{91701C15-F933-4BF3-96F9-5FC46930EE3B}.Release|Any CPU.Build.0 = Release|Any CPU
		{C75F6F17-0BED-4175-BC6F-E84E014C5B2B}.Debug|Any CPU.ActiveCfg = Debug|Any CPU
		{C75F6F17-0BED-4175-BC6F-E84E014C5B2B}.Debug|Any CPU.Build.0 = Debug|Any CPU
		{C75F6F17-0BED-4175-BC6F-E84E014C5B2B}.Release|Any CPU.ActiveCfg = Release|Any CPU
		{C75F6F17-0BED-4175-BC6F-E84E014C5B2B}.Release|Any CPU.Build.0 = Release|Any CPU
	EndGlobalSection
	GlobalSection(SolutionProperties) = preSolution
		HideSolutionNode = FALSE
	EndGlobalSection
	GlobalSection(ExtensibilityGlobals) = postSolution
		SolutionGuid = {6DD6F217-46A7-4583-B46E-616D7601EB87}
	EndGlobalSection
EndGlobal
