
Microsoft Visual Studio Solution File, Format Version 12.00
# Visual Studio Version 17
VisualStudioVersion = 17.10.35122.118
MinimumVisualStudioVersion = 10.0.40219.1
Project("{9A19103F-16F7-4668-BE54-9A1E7A4F7556}") = "FRS Montagens e Manutenção", "FRS Montagens e Manutenção\FRS Montagens e Manutenção.csproj", "{CC2F16B5-4176-4AF4-B34D-38C5545C9666}"
EndProject
Project("{FAE04EC0-301F-11D3-BF4B-00C04F79EFBC}") = "Business", "Business\Business.csproj", "{01426BFD-3227-4C4E-8452-9C8B10FB935E}"
EndProject
Global
	GlobalSection(SolutionConfigurationPlatforms) = preSolution
		Debug|Any CPU = Debug|Any CPU
		Release|Any CPU = Release|Any CPU
	EndGlobalSection
	GlobalSection(ProjectConfigurationPlatforms) = postSolution
		{CC2F16B5-4176-4AF4-B34D-38C5545C9666}.Debug|Any CPU.ActiveCfg = Debug|Any CPU
		{CC2F16B5-4176-4AF4-B34D-38C5545C9666}.Debug|Any CPU.Build.0 = Debug|Any CPU
		{CC2F16B5-4176-4AF4-B34D-38C5545C9666}.Release|Any CPU.ActiveCfg = Release|Any CPU
		{CC2F16B5-4176-4AF4-B34D-38C5545C9666}.Release|Any CPU.Build.0 = Release|Any CPU
		{01426BFD-3227-4C4E-8452-9C8B10FB935E}.Debug|Any CPU.ActiveCfg = Debug|Any CPU
		{01426BFD-3227-4C4E-8452-9C8B10FB935E}.Debug|Any CPU.Build.0 = Debug|Any CPU
		{01426BFD-3227-4C4E-8452-9C8B10FB935E}.Release|Any CPU.ActiveCfg = Release|Any CPU
		{01426BFD-3227-4C4E-8452-9C8B10FB935E}.Release|Any CPU.Build.0 = Release|Any CPU
	EndGlobalSection
	GlobalSection(SolutionProperties) = preSolution
		HideSolutionNode = FALSE
	EndGlobalSection
	GlobalSection(ExtensibilityGlobals) = postSolution
		SolutionGuid = {6DD6F217-46A7-4583-B46E-616D7601EB87}
	EndGlobalSection
EndGlobal
